Microsoft Visual Studio Solution File, Format Version 12.00
# Visual Studio 2013
VisualStudioVersion = 12.0.20827.3
MinimumVisualStudioVersion = 10.0.40219.1
Project("{FAE04EC0-301F-11D3-BF4B-00C04F79EFBC}") = "Mephi.K22.LearningSuite.Transport.Hung", "Mephi.K22.LearningSuite.Transport.Hung.csproj", "{80C8E0C4-D32B-41A9-ADEF-1F16CB820D60}"
EndProject
Global
	GlobalSection(SolutionConfigurationPlatforms) = preSolution
		Debug|Any CPU = Debug|Any CPU
		Release|Any CPU = Release|Any CPU
	EndGlobalSection
	GlobalSection(ProjectConfigurationPlatforms) = postSolution
		{80C8E0C4-D32B-41A9-ADEF-1F16CB820D60}.Debug|Any CPU.ActiveCfg = Debug|Any CPU
		{80C8E0C4-D32B-41A9-ADEF-1F16CB820D60}.Debug|Any CPU.Build.0 = Debug|Any CPU
		{80C8E0C4-D32B-41A9-ADEF-1F16CB820D60}.Release|Any CPU.ActiveCfg = Release|Any CPU
		{80C8E0C4-D32B-41A9-ADEF-1F16CB820D60}.Release|Any CPU.Build.0 = Release|Any CPU
	EndGlobalSection
	GlobalSection(SolutionProperties) = preSolution
		HideSolutionNode = FALSE
	EndGlobalSection
EndGlobal
